
Microsoft Visual Studio Solution File, Format Version 12.00
# Visual Studio Version 17
VisualStudioVersion = 17.5.002.0
MinimumVisualStudioVersion = 10.0.40219.1
Project("{9A19103F-16F7-4668-BE54-9A1E7A4F7556}") = "empAI", "empAI.csproj", "{436C3840-C22E-42DD-BDA1-C8E35158EB54}"
EndProject
Global
	GlobalSection(SolutionConfigurationPlatforms) = preSolution
		Debug|Any CPU = Debug|Any CPU
		Release|Any CPU = Release|Any CPU
	EndGlobalSection
	GlobalSection(ProjectConfigurationPlatforms) = postSolution
		{436C3840-C22E-42DD-BDA1-C8E35158EB54}.Debug|Any CPU.ActiveCfg = Debug|Any CPU
		{436C3840-C22E-42DD-BDA1-C8E35158EB54}.Debug|Any CPU.Build.0 = Debug|Any CPU
		{436C3840-C22E-42DD-BDA1-C8E35158EB54}.Release|Any CPU.ActiveCfg = Release|Any CPU
		{436C3840-C22E-42DD-BDA1-C8E35158EB54}.Release|Any CPU.Build.0 = Release|Any CPU
	EndGlobalSection
	GlobalSection(SolutionProperties) = preSolution
		HideSolutionNode = FALSE
	EndGlobalSection
	GlobalSection(ExtensibilityGlobals) = postSolution
		SolutionGuid = {8BD80831-5F5B-441F-B8B7-DD3A9E1E9578}
	EndGlobalSection
EndGlobal
